// !$*UTF8*$!
{
	archiveVersion = 1;
	classes = {
	};
	objectVersion = 46;
	objects = {

/* Begin PBXBuildFile section */
		E6F7B8181BEF9D5D0056271D /* AppDelegate.swift in Sources */ = {isa = PBXBuildFile; fileRef = E6F7B8171BEF9D5D0056271D /* AppDelegate.swift */; };
		E6F7B81A1BEF9D5D0056271D /* ViewController.swift in Sources */ = {isa = PBXBuildFile; fileRef = E6F7B8191BEF9D5D0056271D /* ViewController.swift */; };
		E6F7B81D1BEF9D5D0056271D /* Main.storyboard in Resources */ = {isa = PBXBuildFile; fileRef = E6F7B81B1BEF9D5D0056271D /* Main.storyboard */; };
		E6F7B81F1BEF9D5D0056271D /* Assets.xcassets in Resources */ = {isa = PBXBuildFile; fileRef = E6F7B81E1BEF9D5D0056271D /* Assets.xcassets */; };
		E6F7B8221BEF9D5D0056271D /* LaunchScreen.storyboard in Resources */ = {isa = PBXBuildFile; fileRef = E6F7B8201BEF9D5D0056271D /* LaunchScreen.storyboard */; };
		E6F7B82A1BEF9DA90056271D /* Datos.swift in Sources */ = {isa = PBXBuildFile; fileRef = E6F7B8291BEF9DA90056271D /* Datos.swift */; };
/* End PBXBuildFile section */

/* Begin PBXFileReference section */
		E6F7B8141BEF9D5D0056271D /* Hamburguesas.app */ = {isa = PBXFileReference; explicitFileType = wrapper.application; includeInIndex = 0; path = Hamburguesas.app; sourceTree = BUILT_PRODUCTS_DIR; };
		E6F7B8171BEF9D5D0056271D /* AppDelegate.swift */ = {isa = PBXFileReference; lastKnownFileType = sourcecode.swift; path = AppDelegate.swift; sourceTree = "<group>"; };
		E6F7B8191BEF9D5D0056271D /* ViewController.swift */ = {isa = PBXFileReference; lastKnownFileType = sourcecode.swift; path = ViewController.swift; sourceTree = "<group>"; };
		E6F7B81C1BEF9D5D0056271D /* Base */ = {isa = PBXFileReference; lastKnownFileType = file.storyboard; name = Base; path = Base.lproj/Main.storyboard; sourceTree = "<group>"; };
		E6F7B81E1BEF9D5D0056271D /* Assets.xcassets */ = {isa = PBXFileReference; lastKnownFileType = folder.assetcatalog; path = Assets.xcassets; sourceTree = "<group>"; };
		E6F7B8211BEF9D5D0056271D /* Base */ = {isa = PBXFileReference; lastKnownFileType = file.storyboard; name = Base; path = Base.lproj/LaunchScreen.storyboard; sourceTree = "<group>"; };
		E6F7B8231BEF9D5D0056271D /* Info.plist */ = {isa = PBXFileReference; lastKnownFileType = text.plist.xml; path = Info.plist; sourceTree = "<group>"; };
		E6F7B8291BEF9DA90056271D /* Datos.swift */ = {isa = PBXFileReference; fileEncoding = 4; lastKnownFileType = sourcecode.swift; path = Datos.swift; sourceTree = "<group>"; };
/* End PBXFileReference section */

/* Begin PBXFrameworksBuildPhase section */
		E6F7B8111BEF9D5D0056271D /* Frameworks */ = {
			isa = PBXFrameworksBuildPhase;
			buildActionMask = 2147483647;
			files = (
			);
			runOnlyForDeploymentPostprocessing = 0;
		};
/* End PBXFrameworksBuildPhase section */

/* Begin PBXGroup section */
		E6F7B80B1BEF9D5D0056271D = {
			isa = PBXGroup;
			children = (
				E6F7B8161BEF9D5D0056271D /* Hamburguesas */,
				E6F7B8151BEF9D5D0056271D /* Products */,
			);
			sourceTree = "<group>";
		};
		E6F7B8151BEF9D5D0056271D /* Products */ = {
			isa = PBXGroup;
			children = (
				E6F7B8141BEF9D5D0056271D /* Hamburguesas.app */,
			);
			name = Products;
			sourceTree = "<group>";
		};
		E6F7B8161BEF9D5D0056271D /* Hamburguesas */ = {
			isa = PBXGroup;
			children = (
				E6F7B8171BEF9D5D0056271D /* AppDelegate.swift */,
				E6F7B8191BEF9D5D0056271D /* ViewController.swift */,
				E6F7B81B1BEF9D5D0056271D /* Main.storyboard */,
				E6F7B81E1BEF9D5D0056271D /* Assets.xcassets */,
				E6F7B8201BEF9D5D0056271D /* LaunchScreen.storyboard */,
				E6F7B8231BEF9D5D0056271D /* Info.plist */,
				E6F7B8291BEF9DA90056271D /* Datos.swift */,
			);
			path = Hamburguesas;
			sourceTree = "<group>";
		};
/* End PBXGroup section */

/* Begin PBXNativeTarget section */
		E6F7B8131BEF9D5D0056271D /* Hamburguesas */ = {
			isa = PBXNativeTarget;
			buildConfigurationList = E6F7B8261BEF9D5D0056271D /* Build configuration list for PBXNativeTarget "Hamburguesas" */;
			buildPhases = (
				E6F7B8101BEF9D5D0056271D /* Sources */,
				E6F7B8111BEF9D5D0056271D /* Frameworks */,
				E6F7B8121BEF9D5D0056271D /* Resources */,
			);
			buildRules = (
			);
			dependencies = (
			);
			name = Hamburguesas;
			productName = Hamburguesas;
			productReference = E6F7B8141BEF9D5D0056271D /* Hamburguesas.app */;
			productType = "com.apple.product-type.application";
		};
/* End PBXNativeTarget section */

/* Begin PBXProject section */
		E6F7B80C1BEF9D5D0056271D /* Project object */ = {
			isa = PBXProject;
			attributes = {
				LastSwiftUpdateCheck = 0710;
				LastUpgradeCheck = 0710;
				ORGANIZATIONNAME = "Alberto De Avila Hernandez";
				TargetAttributes = {
					E6F7B8131BEF9D5D0056271D = {
						CreatedOnToolsVersion = 7.1;
					};
				};
			};
			buildConfigurationList = E6F7B80F1BEF9D5D0056271D /* Build configuration list for PBXProject "Hamburguesas" */;
			compatibilityVersion = "Xcode 3.2";
			developmentRegion = English;
			hasScannedForEncodings = 0;
			knownRegions = (
				en,
				Base,
			);
			mainGroup = E6F7B80B1BEF9D5D0056271D;
			productRefGroup = E6F7B8151BEF9D5D0056271D /* Products */;
			projectDirPath = "";
			projectRoot = "";
			targets = (
				E6F7B8131BEF9D5D0056271D /* Hamburguesas */,
			);
		};
/* End PBXProject section */

/* Begin PBXResourcesBuildPhase section */
		E6F7B8121BEF9D5D0056271D /* Resources */ = {
			isa = PBXResourcesBuildPhase;
			buildActionMask = 2147483647;
			files = (
				E6F7B8221BEF9D5D0056271D /* LaunchScreen.storyboard in Resources */,
				E6F7B81F1BEF9D5D0056271D /* Assets.xcassets in Resources */,
				E6F7B81D1BEF9D5D0056271D /* Main.storyboard in Resources */,
			);
			runOnlyForDeploymentPostprocessing = 0;
		};
/* End PBXResourcesBuildPhase section */

/* Begin PBXSourcesBuildPhase section */
		E6F7B8101BEF9D5D0056271D /* Sources */ = {
			isa = PBXSourcesBuildPhase;
			buildActionMask = 2147483647;
			files = (
				E6F7B81A1BEF9D5D0056271D /* ViewController.swift in Sources */,
				E6F7B8181BEF9D5D0056271D /* AppDelegate.swift in Sources */,
				E6F7B82A1BEF9DA90056271D /* Datos.swift in Sources */,
			);
			runOnlyForDeploymentPostprocessing = 0;
		};
/* End PBXSourcesBuildPhase section */

/* Begin PBXVariantGroup section */
		E6F7B81B1BEF9D5D0056271D /* Main.storyboard */ = {
			isa = PBXVariantGroup;
			children = (
				E6F7B81C1BEF9D5D0056271D /* Base */,
			);
			name = Main.storyboard;
			sourceTree = "<group>";
		};
		E6F7B8201BEF9D5D0056271D /* LaunchScreen.storyboard */ = {
			isa = PBXVariantGroup;
			children = (
				E6F7B8211BEF9D5D0056271D /* Base */,
			);
			name = LaunchScreen.storyboard;
			sourceTree = "<group>";
		};
/* End PBXVariantGroup section */

/* Begin XCBuildConfiguration section */
		E6F7B8241BEF9D5D0056271D /* Debug */ = {
			isa = XCBuildConfiguration;
			buildSettings = {
				ALWAYS_SEARCH_USER_PATHS = NO;
				CLANG_CXX_LANGUAGE_STANDARD = "gnu++0x";
				CLANG_CXX_LIBRARY = "libc++";
				CLANG_ENABLE_MODULES = YES;
				CLANG_ENABLE_OBJC_ARC = YES;
				CLANG_WARN_BOOL_CONVERSION = YES;
				CLANG_WARN_CONSTANT_CONVERSION = YES;
				CLANG_WARN_DIRECT_OBJC_ISA_USAGE = YES_ERROR;
				CLANG_WARN_EMPTY_BODY = YES;
				CLANG_WARN_ENUM_CONVERSION = YES;
				CLANG_WARN_INT_CONVERSION = YES;
				CLANG_WARN_OBJC_ROOT_CLASS = YES_ERROR;
				CLANG_WARN_UNREACHABLE_CODE = YES;
				CLANG_WARN__DUPLICATE_METHOD_MATCH = YES;
				"CODE_SIGN_IDENTITY[sdk=iphoneos*]" = "iPhone Developer";
				COPY_PHASE_STRIP = NO;
				DEBUG_INFORMATION_FORMAT = dwarf;
				ENABLE_STRICT_OBJC_MSGSEND = YES;
				ENABLE_TESTABILITY = YES;
				GCC_C_LANGUAGE_STANDARD = gnu99;
				GCC_DYNAMIC_NO_PIC = NO;
				GCC_NO_COMMON_BLOCKS = YES;
				GCC_OPTIMIZATION_LEVEL = 0;
				GCC_PREPROCESSOR_DEFINITIONS = (
					"DEBUG=1",
					"$(inherited)",
				);
				GCC_WARN_64_TO_32_BIT_CONVERSION = YES;
				GCC_WARN_ABOUT_RETURN_TYPE = YES_ERROR;
				GCC_WARN_UNDECLARED_SELECTOR = YES;
				GCC_WARN_UNINITIALIZED_AUTOS = YES_AGGRESSIVE;
				GCC_WARN_UNUSED_FUNCTION = YES;
				GCC_WARN_UNUSED_VARIABLE = YES;
				IPHONEOS_DEPLOYMENT_TARGET = 9.1;
				MTL_ENABLE_DEBUG_INFO = YES;
				ONLY_ACTIVE_ARCH = YES;
				SDKROOT = iphoneos;
				SWIFT_OPTIMIZATION_LEVEL = "-Onone";
			};
			name = Debug;
		};
		E6F7B8251BEF9D5D0056271D /* Release */ = {
			isa = XCBuildConfiguration;
			buildSettings = {
				ALWAYS_SEARCH_USER_PATHS = NO;
				CLANG_CXX_LANGUAGE_STANDARD = "gnu++0x";
				CLANG_CXX_LIBRARY = "libc++";
				CLANG_ENABLE_MODULES = YES;
				CLANG_ENABLE_OBJC_ARC = YES;
				CLANG_WARN_BOOL_CONVERSION = YES;
				CLANG_WARN_CONSTANT_CONVERSION = YES;
				CLANG_WARN_DIRECT_OBJC_ISA_USAGE = YES_ERROR;
				CLANG_WARN_EMPTY_BODY = YES;
				CLANG_WARN_ENUM_CONVERSION = YES;
				CLANG_WARN_INT_CONVERSION = YES;
				CLANG_WARN_OBJC_ROOT_CLASS = YES_ERROR;
				CLANG_WARN_UNREACHABLE_CODE = YES;
				CLANG_WARN__DUPLICATE_METHOD_MATCH = YES;
				"CODE_SIGN_IDENTITY[sdk=iphoneos*]" = "iPhone Developer";
				COPY_PHASE_STRIP = NO;
				DEBUG_INFORMATION_FORMAT = "dwarf-with-dsym";
				ENABLE_NS_ASSERTIONS = NO;
				ENABLE_STRICT_OBJC_MSGSEND = YES;
				GCC_C_LANGUAGE_STANDARD = gnu99;
				GCC_NO_COMMON_BLOCKS = YES;
				GCC_WARN_64_TO_32_BIT_CONVERSION = YES;
				GCC_WARN_ABOUT_RETURN_TYPE = YES_ERROR;
				GCC_WARN_UNDECLARED_SELECTOR = YES;
				GCC_WARN_UNINITIALIZED_AUTOS = YES_AGGRESSIVE;
				GCC_WARN_UNUSED_FUNCTION = YES;
				GCC_WARN_UNUSED_VARIABLE = YES;
				IPHONEOS_DEPLOYMENT_TARGET = 9.1;
				MTL_ENABLE_DEBUG_INFO = NO;
				SDKROOT = iphoneos;
				VALIDATE_PRODUCT = YES;
			};
			name = Release;
		};
		E6F7B8271BEF9D5D0056271D /* Debug */ = {
			isa = XCBuildConfiguration;
			buildSettings = {
				ASSETCATALOG_COMPILER_APPICON_NAME = AppIcon;
				INFOPLIST_FILE = Hamburguesas/Info.plist;
				LD_RUNPATH_SEARCH_PATHS = "$(inherited) @executable_path/Frameworks";
				PRODUCT_BUNDLE_IDENTIFIER = my.fake.company.Hamburguesas;
				PRODUCT_NAME = "$(TARGET_NAME)";
			};
			name = Debug;
		};
		E6F7B8281BEF9D5D0056271D /* Release */ = {
			isa = XCBuildConfiguration;
			buildSettings = {
				ASSETCATALOG_COMPILER_APPICON_NAME = AppIcon;
				INFOPLIST_FILE = Hamburguesas/Info.plist;
				LD_RUNPATH_SEARCH_PATHS = "$(inherited) @executable_path/Frameworks";
				PRODUCT_BUNDLE_IDENTIFIER = my.fake.company.Hamburguesas;
				PRODUCT_NAME = "$(TARGET_NAME)";
			};
			name = Release;
		};
/* End XCBuildConfiguration section */

/* Begin XCConfigurationList section */
		E6F7B80F1BEF9D5D0056271D /* Build configuration list for PBXProject "Hamburguesas" */ = {
			isa = XCConfigurationList;
			buildConfigurations = (
				E6F7B8241BEF9D5D0056271D /* Debug */,
				E6F7B8251BEF9D5D0056271D /* Release */,
			);
			defaultConfigurationIsVisible = 0;
			defaultConfigurationName = Release;
		};
		E6F7B8261BEF9D5D0056271D /* Build configuration list for PBXNativeTarget "Hamburguesas" */ = {
			isa = XCConfigurationList;
			buildConfigurations = (
				E6F7B8271BEF9D5D0056271D /* Debug */,
				E6F7B8281BEF9D5D0056271D /* Release */,
			);
			defaultConfigurationIsVisible = 0;
		};
/* End XCConfigurationList section */
	};
	rootObject = E6F7B80C1BEF9D5D0056271D /* Project object */;
}
